// !$*UTF8*$!
{
	archiveVersion = 1;
	classes = {
	};
	objectVersion = 46;
	objects = {

/* Begin PBXBuildFile section */
		B1CB8290196426C600CFB718 /* Foundation.framework in Frameworks */ = {isa = PBXBuildFile; fileRef = B1CB828F196426C600CFB718 /* Foundation.framework */; };
		B1CB8292196426C600CFB718 /* CoreGraphics.framework in Frameworks */ = {isa = PBXBuildFile; fileRef = B1CB8291196426C600CFB718 /* CoreGraphics.framework */; };
		B1CB8294196426C600CFB718 /* UIKit.framework in Frameworks */ = {isa = PBXBuildFile; fileRef = B1CB8293196426C600CFB718 /* UIKit.framework */; };
		B1CB829A196426C600CFB718 /* InfoPlist.strings in Resources */ = {isa = PBXBuildFile; fileRef = B1CB8298196426C600CFB718 /* InfoPlist.strings */; };
		B1CB829C196426C600CFB718 /* main.m in Sources */ = {isa = PBXBuildFile; fileRef = B1CB829B196426C600CFB718 /* main.m */; };
		B1CB82A0196426C600CFB718 /* AppDelegate.m in Sources */ = {isa = PBXBuildFile; fileRef = B1CB829F196426C600CFB718 /* AppDelegate.m */; };
		B1CB82A3196426C600CFB718 /* Main_iPhone.storyboard in Resources */ = {isa = PBXBuildFile; fileRef = B1CB82A1196426C600CFB718 /* Main_iPhone.storyboard */; };
		B1CB82A9196426C600CFB718 /* ViewController.m in Sources */ = {isa = PBXBuildFile; fileRef = B1CB82A8196426C600CFB718 /* ViewController.m */; };
		B1CB82AB196426C600CFB718 /* Images.xcassets in Resources */ = {isa = PBXBuildFile; fileRef = B1CB82AA196426C600CFB718 /* Images.xcassets */; };
		B1CB82B3196426C600CFB718 /* Foundation.framework in Frameworks */ = {isa = PBXBuildFile; fileRef = B1CB828F196426C600CFB718 /* Foundation.framework */; };
		B1CB82B4196426C600CFB718 /* UIKit.framework in Frameworks */ = {isa = PBXBuildFile; fileRef = B1CB8293196426C600CFB718 /* UIKit.framework */; };
		CE69D3541CE3925A008812A8 /* background-568h@2x.png in Resources */ = {isa = PBXBuildFile; fileRef = CE69D3531CE3925A008812A8 /* background-568h@2x.png */; };
		CE9366381CDEDB0C00E51C01 /* LaunchScreen.xib in Resources */ = {isa = PBXBuildFile; fileRef = CE9366371CDEDB0C00E51C01 /* LaunchScreen.xib */; };
		CE93663A1CE274C800E51C01 /* EventKit.framework in Frameworks */ = {isa = PBXBuildFile; fileRef = CE9366391CE274C800E51C01 /* EventKit.framework */; };
/* End PBXBuildFile section */

/* Begin PBXContainerItemProxy section */
		B1CB82B5196426C600CFB718 /* PBXContainerItemProxy */ = {
			isa = PBXContainerItemProxy;
			containerPortal = B1CB8284196426C600CFB718 /* Project object */;
			proxyType = 1;
			remoteGlobalIDString = B1CB828B196426C600CFB718;
			remoteInfo = WebViewDemo;
		};
/* End PBXContainerItemProxy section */

/* Begin PBXFileReference section */
		B1CB828C196426C600CFB718 /* NovapetAPP.app */ = {isa = PBXFileReference; explicitFileType = wrapper.application; includeInIndex = 0; path = NovapetAPP.app; sourceTree = BUILT_PRODUCTS_DIR; };
		B1CB828F196426C600CFB718 /* Foundation.framework */ = {isa = PBXFileReference; lastKnownFileType = wrapper.framework; name = Foundation.framework; path = System/Library/Frameworks/Foundation.framework; sourceTree = SDKROOT; };
		B1CB8291196426C600CFB718 /* CoreGraphics.framework */ = {isa = PBXFileReference; lastKnownFileType = wrapper.framework; name = CoreGraphics.framework; path = System/Library/Frameworks/CoreGraphics.framework; sourceTree = SDKROOT; };
		B1CB8293196426C600CFB718 /* UIKit.framework */ = {isa = PBXFileReference; lastKnownFileType = wrapper.framework; name = UIKit.framework; path = System/Library/Frameworks/UIKit.framework; sourceTree = SDKROOT; };
		B1CB8297196426C600CFB718 /* NovapetAPP-Info.plist */ = {isa = PBXFileReference; lastKnownFileType = text.plist.xml; path = "NovapetAPP-Info.plist"; sourceTree = "<group>"; };
		B1CB8299196426C600CFB718 /* en */ = {isa = PBXFileReference; lastKnownFileType = text.plist.strings; name = en; path = en.lproj/InfoPlist.strings; sourceTree = "<group>"; };
		B1CB829B196426C600CFB718 /* main.m */ = {isa = PBXFileReference; lastKnownFileType = sourcecode.c.objc; path = main.m; sourceTree = "<group>"; };
		B1CB829D196426C600CFB718 /* NovapetAPP-Prefix.pch */ = {isa = PBXFileReference; lastKnownFileType = sourcecode.c.h; path = "NovapetAPP-Prefix.pch"; sourceTree = "<group>"; };
		B1CB829E196426C600CFB718 /* AppDelegate.h */ = {isa = PBXFileReference; lastKnownFileType = sourcecode.c.h; path = AppDelegate.h; sourceTree = "<group>"; };
		B1CB829F196426C600CFB718 /* AppDelegate.m */ = {isa = PBXFileReference; lastKnownFileType = sourcecode.c.objc; path = AppDelegate.m; sourceTree = "<group>"; };
		B1CB82A2196426C600CFB718 /* Base */ = {isa = PBXFileReference; lastKnownFileType = file.storyboard; name = Base; path = Base.lproj/Main_iPhone.storyboard; sourceTree = "<group>"; };
		B1CB82A7196426C600CFB718 /* ViewController.h */ = {isa = PBXFileReference; lastKnownFileType = sourcecode.c.h; path = ViewController.h; sourceTree = "<group>"; };
		B1CB82A8196426C600CFB718 /* ViewController.m */ = {isa = PBXFileReference; lastKnownFileType = sourcecode.c.objc; path = ViewController.m; sourceTree = "<group>"; };
		B1CB82AA196426C600CFB718 /* Images.xcassets */ = {isa = PBXFileReference; lastKnownFileType = folder.assetcatalog; path = Images.xcassets; sourceTree = "<group>"; };
		B1CB82B0196426C600CFB718 /* NovapetAPP.xctest */ = {isa = PBXFileReference; explicitFileType = wrapper.cfbundle; includeInIndex = 0; path = NovapetAPP.xctest; sourceTree = BUILT_PRODUCTS_DIR; };
		CE69D3531CE3925A008812A8 /* background-568h@2x.png */ = {isa = PBXFileReference; lastKnownFileType = image.png; path = "background-568h@2x.png"; sourceTree = "<group>"; };
		CE9366371CDEDB0C00E51C01 /* LaunchScreen.xib */ = {isa = PBXFileReference; fileEncoding = 4; lastKnownFileType = file.xib; path = LaunchScreen.xib; sourceTree = "<group>"; };
		CE9366391CE274C800E51C01 /* EventKit.framework */ = {isa = PBXFileReference; lastKnownFileType = wrapper.framework; name = EventKit.framework; path = System/Library/Frameworks/EventKit.framework; sourceTree = SDKROOT; };
/* End PBXFileReference section */

/* Begin PBXFrameworksBuildPhase section */
		B1CB8289196426C600CFB718 /* Frameworks */ = {
			isa = PBXFrameworksBuildPhase;
			buildActionMask = 2147483647;
			files = (
				CE93663A1CE274C800E51C01 /* EventKit.framework in Frameworks */,
				B1CB8292196426C600CFB718 /* CoreGraphics.framework in Frameworks */,
				B1CB8294196426C600CFB718 /* UIKit.framework in Frameworks */,
				B1CB8290196426C600CFB718 /* Foundation.framework in Frameworks */,
			);
			runOnlyForDeploymentPostprocessing = 0;
		};
		B1CB82AD196426C600CFB718 /* Frameworks */ = {
			isa = PBXFrameworksBuildPhase;
			buildActionMask = 2147483647;
			files = (
				B1CB82B4196426C600CFB718 /* UIKit.framework in Frameworks */,
				B1CB82B3196426C600CFB718 /* Foundation.framework in Frameworks */,
			);
			runOnlyForDeploymentPostprocessing = 0;
		};
/* End PBXFrameworksBuildPhase section */

/* Begin PBXGroup section */
		B1CB8283196426C600CFB718 = {
			isa = PBXGroup;
			children = (
				B1CB8295196426C600CFB718 /* WebViewDemo */,
				B1CB828E196426C600CFB718 /* Frameworks */,
				B1CB828D196426C600CFB718 /* Products */,
			);
			sourceTree = "<group>";
		};
		B1CB828D196426C600CFB718 /* Products */ = {
			isa = PBXGroup;
			children = (
				B1CB828C196426C600CFB718 /* NovapetAPP.app */,
				B1CB82B0196426C600CFB718 /* NovapetAPP.xctest */,
			);
			name = Products;
			sourceTree = "<group>";
		};
		B1CB828E196426C600CFB718 /* Frameworks */ = {
			isa = PBXGroup;
			children = (
				CE9366391CE274C800E51C01 /* EventKit.framework */,
				B1CB828F196426C600CFB718 /* Foundation.framework */,
				B1CB8291196426C600CFB718 /* CoreGraphics.framework */,
				B1CB8293196426C600CFB718 /* UIKit.framework */,
			);
			name = Frameworks;
			sourceTree = "<group>";
		};
		B1CB8295196426C600CFB718 /* WebViewDemo */ = {
			isa = PBXGroup;
			children = (
				CE69D3531CE3925A008812A8 /* background-568h@2x.png */,
				B1CB829E196426C600CFB718 /* AppDelegate.h */,
				B1CB829F196426C600CFB718 /* AppDelegate.m */,
				B1CB82A1196426C600CFB718 /* Main_iPhone.storyboard */,
				CE9366371CDEDB0C00E51C01 /* LaunchScreen.xib */,
				B1CB82A7196426C600CFB718 /* ViewController.h */,
				B1CB82A8196426C600CFB718 /* ViewController.m */,
				B1CB82AA196426C600CFB718 /* Images.xcassets */,
				B1CB8296196426C600CFB718 /* Supporting Files */,
			);
			path = WebViewDemo;
			sourceTree = "<group>";
		};
		B1CB8296196426C600CFB718 /* Supporting Files */ = {
			isa = PBXGroup;
			children = (
				B1CB8297196426C600CFB718 /* NovapetAPP-Info.plist */,
				B1CB8298196426C600CFB718 /* InfoPlist.strings */,
				B1CB829B196426C600CFB718 /* main.m */,
				B1CB829D196426C600CFB718 /* NovapetAPP-Prefix.pch */,
			);
			name = "Supporting Files";
			sourceTree = "<group>";
		};
/* End PBXGroup section */

/* Begin PBXNativeTarget section */
		B1CB828B196426C600CFB718 /* NovapetAPP */ = {
			isa = PBXNativeTarget;
			buildConfigurationList = B1CB82C1196426C600CFB718 /* Build configuration list for PBXNativeTarget "NovapetAPP" */;
			buildPhases = (
				B1CB8288196426C600CFB718 /* Sources */,
				B1CB8289196426C600CFB718 /* Frameworks */,
				B1CB828A196426C600CFB718 /* Resources */,
			);
			buildRules = (
			);
			dependencies = (
			);
			name = NovapetAPP;
			productName = WebViewDemo;
			productReference = B1CB828C196426C600CFB718 /* NovapetAPP.app */;
			productType = "com.apple.product-type.application";
		};
		B1CB82AF196426C600CFB718 /* NovapetAPPTests */ = {
			isa = PBXNativeTarget;
			buildConfigurationList = B1CB82C4196426C600CFB718 /* Build configuration list for PBXNativeTarget "NovapetAPPTests" */;
			buildPhases = (
				B1CB82AC196426C600CFB718 /* Sources */,
				B1CB82AD196426C600CFB718 /* Frameworks */,
				B1CB82AE196426C600CFB718 /* Resources */,
			);
			buildRules = (
			);
			dependencies = (
				B1CB82B6196426C600CFB718 /* PBXTargetDependency */,
			);
			name = NovapetAPPTests;
			productName = WebViewDemoTests;
			productReference = B1CB82B0196426C600CFB718 /* NovapetAPP.xctest */;
			productType = "com.apple.product-type.bundle.unit-test";
		};
/* End PBXNativeTarget section */

/* Begin PBXProject section */
		B1CB8284196426C600CFB718 /* Project object */ = {
			isa = PBXProject;
			attributes = {
				LastUpgradeCheck = 0730;
				ORGANIZATIONNAME = Biboo;
				TargetAttributes = {
					B1CB828B196426C600CFB718 = {
						DevelopmentTeam = 55PA9XXNP4;
					};
					B1CB82AF196426C600CFB718 = {
						TestTargetID = B1CB828B196426C600CFB718;
					};
				};
			};
			buildConfigurationList = B1CB8287196426C600CFB718 /* Build configuration list for PBXProject "NovapetAPP" */;
			compatibilityVersion = "Xcode 3.2";
			developmentRegion = English;
			hasScannedForEncodings = 0;
			knownRegions = (
				en,
				Base,
			);
			mainGroup = B1CB8283196426C600CFB718;
			productRefGroup = B1CB828D196426C600CFB718 /* Products */;
			projectDirPath = "";
			projectRoot = "";
			targets = (
				B1CB828B196426C600CFB718 /* NovapetAPP */,
				B1CB82AF196426C600CFB718 /* NovapetAPPTests */,
			);
		};
/* End PBXProject section */

/* Begin PBXResourcesBuildPhase section */
		B1CB828A196426C600CFB718 /* Resources */ = {
			isa = PBXResourcesBuildPhase;
			buildActionMask = 2147483647;
			files = (
				CE9366381CDEDB0C00E51C01 /* LaunchScreen.xib in Resources */,
				CE69D3541CE3925A008812A8 /* background-568h@2x.png in Resources */,
				B1CB82AB196426C600CFB718 /* Images.xcassets in Resources */,
				B1CB82A3196426C600CFB718 /* Main_iPhone.storyboard in Resources */,
				B1CB829A196426C600CFB718 /* InfoPlist.strings in Resources */,
			);
			runOnlyForDeploymentPostprocessing = 0;
		};
		B1CB82AE196426C600CFB718 /* Resources */ = {
			isa = PBXResourcesBuildPhase;
			buildActionMask = 2147483647;
			files = (
			);
			runOnlyForDeploymentPostprocessing = 0;
		};
/* End PBXResourcesBuildPhase section */

/* Begin PBXSourcesBuildPhase section */
		B1CB8288196426C600CFB718 /* Sources */ = {
			isa = PBXSourcesBuildPhase;
			buildActionMask = 2147483647;
			files = (
				B1CB82A9196426C600CFB718 /* ViewController.m in Sources */,
				B1CB82A0196426C600CFB718 /* AppDelegate.m in Sources */,
				B1CB829C196426C600CFB718 /* main.m in Sources */,
			);
			runOnlyForDeploymentPostprocessing = 0;
		};
		B1CB82AC196426C600CFB718 /* Sources */ = {
			isa = PBXSourcesBuildPhase;
			buildActionMask = 2147483647;
			files = (
			);
			runOnlyForDeploymentPostprocessing = 0;
		};
/* End PBXSourcesBuildPhase section */

/* Begin PBXTargetDependency section */
		B1CB82B6196426C600CFB718 /* PBXTargetDependency */ = {
			isa = PBXTargetDependency;
			target = B1CB828B196426C600CFB718 /* NovapetAPP */;
			targetProxy = B1CB82B5196426C600CFB718 /* PBXContainerItemProxy */;
		};
/* End PBXTargetDependency section */

/* Begin PBXVariantGroup section */
		B1CB8298196426C600CFB718 /* InfoPlist.strings */ = {
			isa = PBXVariantGroup;
			children = (
				B1CB8299196426C600CFB718 /* en */,
			);
			name = InfoPlist.strings;
			sourceTree = "<group>";
		};
		B1CB82A1196426C600CFB718 /* Main_iPhone.storyboard */ = {
			isa = PBXVariantGroup;
			children = (
				B1CB82A2196426C600CFB718 /* Base */,
			);
			name = Main_iPhone.storyboard;
			sourceTree = "<group>";
		};
/* End PBXVariantGroup section */

/* Begin XCBuildConfiguration section */
		B1CB82BF196426C600CFB718 /* Debug */ = {
			isa = XCBuildConfiguration;
			buildSettings = {
				ALWAYS_SEARCH_USER_PATHS = NO;
				CLANG_CXX_LANGUAGE_STANDARD = "gnu++0x";
				CLANG_CXX_LIBRARY = "libc++";
				CLANG_ENABLE_MODULES = YES;
				CLANG_ENABLE_OBJC_ARC = YES;
				CLANG_WARN_BOOL_CONVERSION = YES;
				CLANG_WARN_CONSTANT_CONVERSION = YES;
				CLANG_WARN_DIRECT_OBJC_ISA_USAGE = YES_ERROR;
				CLANG_WARN_EMPTY_BODY = YES;
				CLANG_WARN_ENUM_CONVERSION = YES;
				CLANG_WARN_INT_CONVERSION = YES;
				CLANG_WARN_OBJC_ROOT_CLASS = YES_ERROR;
				CLANG_WARN__DUPLICATE_METHOD_MATCH = YES;
				"CODE_SIGN_IDENTITY[sdk=iphoneos*]" = "iPhone Developer";
				COPY_PHASE_STRIP = NO;
				ENABLE_TESTABILITY = YES;
				GCC_C_LANGUAGE_STANDARD = gnu99;
				GCC_DYNAMIC_NO_PIC = NO;
				GCC_OPTIMIZATION_LEVEL = 0;
				GCC_PREPROCESSOR_DEFINITIONS = (
					"DEBUG=1",
					"$(inherited)",
				);
				GCC_SYMBOLS_PRIVATE_EXTERN = NO;
				GCC_WARN_64_TO_32_BIT_CONVERSION = YES;
				GCC_WARN_ABOUT_RETURN_TYPE = YES_ERROR;
				GCC_WARN_UNDECLARED_SELECTOR = YES;
				GCC_WARN_UNINITIALIZED_AUTOS = YES_AGGRESSIVE;
				GCC_WARN_UNUSED_FUNCTION = YES;
				GCC_WARN_UNUSED_VARIABLE = YES;
				IPHONEOS_DEPLOYMENT_TARGET = 7.1;
				ONLY_ACTIVE_ARCH = YES;
				SDKROOT = iphoneos;
				TARGETED_DEVICE_FAMILY = "1,2";
			};
			name = Debug;
		};
		B1CB82C0196426C600CFB718 /* Release */ = {
			isa = XCBuildConfiguration;
			buildSettings = {
				ALWAYS_SEARCH_USER_PATHS = NO;
				CLANG_CXX_LANGUAGE_STANDARD = "gnu++0x";
				CLANG_CXX_LIBRARY = "libc++";
				CLANG_ENABLE_MODULES = YES;
				CLANG_ENABLE_OBJC_ARC = YES;
				CLANG_WARN_BOOL_CONVERSION = YES;
				CLANG_WARN_CONSTANT_CONVERSION = YES;
				CLANG_WARN_DIRECT_OBJC_ISA_USAGE = YES_ERROR;
				CLANG_WARN_EMPTY_BODY = YES;
				CLANG_WARN_ENUM_CONVERSION = YES;
				CLANG_WARN_INT_CONVERSION = YES;
				CLANG_WARN_OBJC_ROOT_CLASS = YES_ERROR;
				CLANG_WARN__DUPLICATE_METHOD_MATCH = YES;
				"CODE_SIGN_IDENTITY[sdk=iphoneos*]" = "iPhone Developer";
				COPY_PHASE_STRIP = YES;
				ENABLE_NS_ASSERTIONS = NO;
				GCC_C_LANGUAGE_STANDARD = gnu99;
				GCC_WARN_64_TO_32_BIT_CONVERSION = YES;
				GCC_WARN_ABOUT_RETURN_TYPE = YES_ERROR;
				GCC_WARN_UNDECLARED_SELECTOR = YES;
				GCC_WARN_UNINITIALIZED_AUTOS = YES_AGGRESSIVE;
				GCC_WARN_UNUSED_FUNCTION = YES;
				GCC_WARN_UNUSED_VARIABLE = YES;
				IPHONEOS_DEPLOYMENT_TARGET = 7.1;
				SDKROOT = iphoneos;
				TARGETED_DEVICE_FAMILY = "1,2";
				VALIDATE_PRODUCT = YES;
			};
			name = Release;
		};
		B1CB82C2196426C600CFB718 /* Debug */ = {
			isa = XCBuildConfiguration;
			buildSettings = {
				ALTERNATE_OWNER = "";
				ASSETCATALOG_COMPILER_APPICON_NAME = AppIcon;
				ASSETCATALOG_COMPILER_LAUNCHIMAGE_NAME = LaunchImage;
				CODE_SIGN_IDENTITY = "iPhone Developer";
				"CODE_SIGN_IDENTITY[sdk=iphoneos*]" = "iPhone Developer";
				GCC_PRECOMPILE_PREFIX_HEADER = YES;
				GCC_PREFIX_HEADER = "WebViewDemo/NovapetAPP-Prefix.pch";
				INFOPLIST_FILE = "WebViewDemo/NovapetAPP-Info.plist";
				IPHONEOS_DEPLOYMENT_TARGET = 8.2;
				PRODUCT_BUNDLE_IDENTIFIER = com.novapet.novapet;
				PRODUCT_NAME = NovapetAPP;
				PROVISIONING_PROFILE = "";
				TARGETED_DEVICE_FAMILY = 1;
				WRAPPER_EXTENSION = app;
			};
			name = Debug;
		};
		B1CB82C3196426C600CFB718 /* Release */ = {
			isa = XCBuildConfiguration;
			buildSettings = {
				ALTERNATE_OWNER = "";
				ASSETCATALOG_COMPILER_APPICON_NAME = AppIcon;
				ASSETCATALOG_COMPILER_LAUNCHIMAGE_NAME = LaunchImage;
				CODE_SIGN_IDENTITY = "iPhone Developer";
				"CODE_SIGN_IDENTITY[sdk=iphoneos*]" = "iPhone Developer";
				GCC_PRECOMPILE_PREFIX_HEADER = YES;
				GCC_PREFIX_HEADER = "WebViewDemo/NovapetAPP-Prefix.pch";
				INFOPLIST_FILE = "WebViewDemo/NovapetAPP-Info.plist";
				IPHONEOS_DEPLOYMENT_TARGET = 8.2;
				PRODUCT_BUNDLE_IDENTIFIER = com.novapet.novapet;
				PRODUCT_NAME = NovapetAPP;
				PROVISIONING_PROFILE = "";
				TARGETED_DEVICE_FAMILY = 1;
				WRAPPER_EXTENSION = app;
			};
			name = Release;
		};
		B1CB82C5196426C600CFB718 /* Debug */ = {
			isa = XCBuildConfiguration;
			buildSettings = {
				BUNDLE_LOADER = "$(BUILT_PRODUCTS_DIR)/WebViewDemo.app/WebViewDemo";
				FRAMEWORK_SEARCH_PATHS = (
					"$(SDKROOT)/Developer/Library/Frameworks",
					"$(inherited)",
					"$(DEVELOPER_FRAMEWORKS_DIR)",
				);
				GCC_PRECOMPILE_PREFIX_HEADER = YES;
				GCC_PREFIX_HEADER = "WebViewDemo/NovapetAPP-Prefix.pch";
				GCC_PREPROCESSOR_DEFINITIONS = (
					"DEBUG=1",
					"$(inherited)",
				);
				INFOPLIST_FILE = "WebViewDemoTests/WebViewDemoTests-Info.plist";
				PRODUCT_NAME = NovapetAPP;
				TEST_HOST = "$(BUNDLE_LOADER)";
				WRAPPER_EXTENSION = xctest;
			};
			name = Debug;
		};
		B1CB82C6196426C600CFB718 /* Release */ = {
			isa = XCBuildConfiguration;
			buildSettings = {
				BUNDLE_LOADER = "$(BUILT_PRODUCTS_DIR)/WebViewDemo.app/WebViewDemo";
				FRAMEWORK_SEARCH_PATHS = (
					"$(SDKROOT)/Developer/Library/Frameworks",
					"$(inherited)",
					"$(DEVELOPER_FRAMEWORKS_DIR)",
				);
				GCC_PRECOMPILE_PREFIX_HEADER = YES;
				GCC_PREFIX_HEADER = "WebViewDemo/NovapetAPP-Prefix.pch";
				INFOPLIST_FILE = "WebViewDemoTests/WebViewDemoTests-Info.plist";
				PRODUCT_NAME = NovapetAPP;
				TEST_HOST = "$(BUNDLE_LOADER)";
				WRAPPER_EXTENSION = xctest;
			};
			name = Release;
		};
/* End XCBuildConfiguration section */

/* Begin XCConfigurationList section */
		B1CB8287196426C600CFB718 /* Build configuration list for PBXProject "NovapetAPP" */ = {
			isa = XCConfigurationList;
			buildConfigurations = (
				B1CB82BF196426C600CFB718 /* Debug */,
				B1CB82C0196426C600CFB718 /* Release */,
			);
			defaultConfigurationIsVisible = 0;
			defaultConfigurationName = Release;
		};
		B1CB82C1196426C600CFB718 /* Build configuration list for PBXNativeTarget "NovapetAPP" */ = {
			isa = XCConfigurationList;
			buildConfigurations = (
				B1CB82C2196426C600CFB718 /* Debug */,
				B1CB82C3196426C600CFB718 /* Release */,
			);
			defaultConfigurationIsVisible = 0;
			defaultConfigurationName = Release;
		};
		B1CB82C4196426C600CFB718 /* Build configuration list for PBXNativeTarget "NovapetAPPTests" */ = {
			isa = XCConfigurationList;
			buildConfigurations = (
				B1CB82C5196426C600CFB718 /* Debug */,
				B1CB82C6196426C600CFB718 /* Release */,
			);
			defaultConfigurationIsVisible = 0;
			defaultConfigurationName = Release;
		};
/* End XCConfigurationList section */
	};
	rootObject = B1CB8284196426C600CFB718 /* Project object */;
}
